// !$*UTF8*$!
{
	archiveVersion = 1;
	classes = {
	};
	objectVersion = 55;
	objects = {

/* Begin PBXBuildFile section */
		FA6F0D4829CF703900D20D6B /* AppDelegate.swift in Sources */ = {isa = PBXBuildFile; fileRef = FA6F0D4729CF703900D20D6B /* AppDelegate.swift */; };
		FA6F0D5129CF703C00D20D6B /* Assets.xcassets in Resources */ = {isa = PBXBuildFile; fileRef = FA6F0D5029CF703C00D20D6B /* Assets.xcassets */; };
		FA6F0D5429CF703C00D20D6B /* LaunchScreen.storyboard in Resources */ = {isa = PBXBuildFile; fileRef = FA6F0D5229CF703C00D20D6B /* LaunchScreen.storyboard */; };
		FA6F0D5F29CF703C00D20D6B /* MovieTrendingTests.swift in Sources */ = {isa = PBXBuildFile; fileRef = FA6F0D5E29CF703C00D20D6B /* MovieTrendingTests.swift */; };
		FA6F0D6929CF703C00D20D6B /* MovieTrendingUITests.swift in Sources */ = {isa = PBXBuildFile; fileRef = FA6F0D6829CF703C00D20D6B /* MovieTrendingUITests.swift */; };
		FA6F0D6B29CF703C00D20D6B /* MovieTrendingUITestsLaunchTests.swift in Sources */ = {isa = PBXBuildFile; fileRef = FA6F0D6A29CF703C00D20D6B /* MovieTrendingUITestsLaunchTests.swift */; };
		FA6F0D7A29CF71CF00D20D6B /* MainViewController.swift in Sources */ = {isa = PBXBuildFile; fileRef = FA6F0D7829CF71CF00D20D6B /* MainViewController.swift */; };
		FA6F0D7B29CF71CF00D20D6B /* MainViewController.xib in Resources */ = {isa = PBXBuildFile; fileRef = FA6F0D7929CF71CF00D20D6B /* MainViewController.xib */; };
		FA6F0D8529CF76DE00D20D6B /* MainViewController+TableView.swift in Sources */ = {isa = PBXBuildFile; fileRef = FA6F0D8429CF76DE00D20D6B /* MainViewController+TableView.swift */; };
		FA6F0D8729CF77B300D20D6B /* MainViewModel.swift in Sources */ = {isa = PBXBuildFile; fileRef = FA6F0D8629CF77B300D20D6B /* MainViewModel.swift */; };
		FA6F0D8929CF7ECF00D20D6B /* NetworkConstants.swift in Sources */ = {isa = PBXBuildFile; fileRef = FA6F0D8829CF7ECF00D20D6B /* NetworkConstants.swift */; };
		FA6F0D8B29CF88A800D20D6B /* APICaller.swift in Sources */ = {isa = PBXBuildFile; fileRef = FA6F0D8A29CF88A800D20D6B /* APICaller.swift */; };
		FA6F0D8D29CF890300D20D6B /* TrendingMoviesModel.swift in Sources */ = {isa = PBXBuildFile; fileRef = FA6F0D8C29CF890300D20D6B /* TrendingMoviesModel.swift */; };
		FA6F0D8F29CF972200D20D6B /* Observable.swift in Sources */ = {isa = PBXBuildFile; fileRef = FA6F0D8E29CF972200D20D6B /* Observable.swift */; };
		FA6F0D9329D1E19400D20D6B /* MainMovieCell.swift in Sources */ = {isa = PBXBuildFile; fileRef = FA6F0D9129D1E19400D20D6B /* MainMovieCell.swift */; };
		FA6F0D9429D1E19400D20D6B /* MainMovieCell.xib in Resources */ = {isa = PBXBuildFile; fileRef = FA6F0D9229D1E19400D20D6B /* MainMovieCell.xib */; };
		FA6F0D9629D1E88800D20D6B /* UIViewExtension.swift in Sources */ = {isa = PBXBuildFile; fileRef = FA6F0D9529D1E88800D20D6B /* UIViewExtension.swift */; };
		FA6F0D9829D1EA2A00D20D6B /* MovieTableCellViewModel.swift in Sources */ = {isa = PBXBuildFile; fileRef = FA6F0D9729D1EA2A00D20D6B /* MovieTableCellViewModel.swift */; };
		FA6F0D9B29D1EC9B00D20D6B /* SDWebImage in Frameworks */ = {isa = PBXBuildFile; productRef = FA6F0D9A29D1EC9B00D20D6B /* SDWebImage */; };
		FA6F0D9F29D1FDB300D20D6B /* DetailsMovieViewController.swift in Sources */ = {isa = PBXBuildFile; fileRef = FA6F0D9D29D1FDB300D20D6B /* DetailsMovieViewController.swift */; };
		FA6F0DA029D1FDB300D20D6B /* DetailsMovieViewController.xib in Resources */ = {isa = PBXBuildFile; fileRef = FA6F0D9E29D1FDB300D20D6B /* DetailsMovieViewController.xib */; };
		FA6F0DA229D201F400D20D6B /* DetailsMovieViewModel.swift in Sources */ = {isa = PBXBuildFile; fileRef = FA6F0DA129D201F400D20D6B /* DetailsMovieViewModel.swift */; };
/* End PBXBuildFile section */

/* Begin PBXContainerItemProxy section */
		FA6F0D5B29CF703C00D20D6B /* PBXContainerItemProxy */ = {
			isa = PBXContainerItemProxy;
			containerPortal = FA6F0D3C29CF703900D20D6B /* Project object */;
			proxyType = 1;
			remoteGlobalIDString = FA6F0D4329CF703900D20D6B;
			remoteInfo = MovieTrending;
		};
		FA6F0D6529CF703C00D20D6B /* PBXContainerItemProxy */ = {
			isa = PBXContainerItemProxy;
			containerPortal = FA6F0D3C29CF703900D20D6B /* Project object */;
			proxyType = 1;
			remoteGlobalIDString = FA6F0D4329CF703900D20D6B;
			remoteInfo = MovieTrending;
		};
/* End PBXContainerItemProxy section */

/* Begin PBXFileReference section */
		FA6F0D4429CF703900D20D6B /* MovieTrending.app */ = {isa = PBXFileReference; explicitFileType = wrapper.application; includeInIndex = 0; path = MovieTrending.app; sourceTree = BUILT_PRODUCTS_DIR; };
		FA6F0D4729CF703900D20D6B /* AppDelegate.swift */ = {isa = PBXFileReference; lastKnownFileType = sourcecode.swift; path = AppDelegate.swift; sourceTree = "<group>"; };
		FA6F0D5029CF703C00D20D6B /* Assets.xcassets */ = {isa = PBXFileReference; lastKnownFileType = folder.assetcatalog; path = Assets.xcassets; sourceTree = "<group>"; };
		FA6F0D5329CF703C00D20D6B /* Base */ = {isa = PBXFileReference; lastKnownFileType = file.storyboard; name = Base; path = Base.lproj/LaunchScreen.storyboard; sourceTree = "<group>"; };
		FA6F0D5529CF703C00D20D6B /* Info.plist */ = {isa = PBXFileReference; lastKnownFileType = text.plist.xml; path = Info.plist; sourceTree = "<group>"; };
		FA6F0D5A29CF703C00D20D6B /* MovieTrendingTests.xctest */ = {isa = PBXFileReference; explicitFileType = wrapper.cfbundle; includeInIndex = 0; path = MovieTrendingTests.xctest; sourceTree = BUILT_PRODUCTS_DIR; };
		FA6F0D5E29CF703C00D20D6B /* MovieTrendingTests.swift */ = {isa = PBXFileReference; lastKnownFileType = sourcecode.swift; path = MovieTrendingTests.swift; sourceTree = "<group>"; };
		FA6F0D6429CF703C00D20D6B /* MovieTrendingUITests.xctest */ = {isa = PBXFileReference; explicitFileType = wrapper.cfbundle; includeInIndex = 0; path = MovieTrendingUITests.xctest; sourceTree = BUILT_PRODUCTS_DIR; };
		FA6F0D6829CF703C00D20D6B /* MovieTrendingUITests.swift */ = {isa = PBXFileReference; lastKnownFileType = sourcecode.swift; path = MovieTrendingUITests.swift; sourceTree = "<group>"; };
		FA6F0D6A29CF703C00D20D6B /* MovieTrendingUITestsLaunchTests.swift */ = {isa = PBXFileReference; lastKnownFileType = sourcecode.swift; path = MovieTrendingUITestsLaunchTests.swift; sourceTree = "<group>"; };
		FA6F0D7829CF71CF00D20D6B /* MainViewController.swift */ = {isa = PBXFileReference; lastKnownFileType = sourcecode.swift; path = MainViewController.swift; sourceTree = "<group>"; };
		FA6F0D7929CF71CF00D20D6B /* MainViewController.xib */ = {isa = PBXFileReference; lastKnownFileType = file.xib; path = MainViewController.xib; sourceTree = "<group>"; };
		FA6F0D8429CF76DE00D20D6B /* MainViewController+TableView.swift */ = {isa = PBXFileReference; lastKnownFileType = sourcecode.swift; path = "MainViewController+TableView.swift"; sourceTree = "<group>"; };
		FA6F0D8629CF77B300D20D6B /* MainViewModel.swift */ = {isa = PBXFileReference; lastKnownFileType = sourcecode.swift; path = MainViewModel.swift; sourceTree = "<group>"; };
		FA6F0D8829CF7ECF00D20D6B /* NetworkConstants.swift */ = {isa = PBXFileReference; lastKnownFileType = sourcecode.swift; path = NetworkConstants.swift; sourceTree = "<group>"; };
		FA6F0D8A29CF88A800D20D6B /* APICaller.swift */ = {isa = PBXFileReference; lastKnownFileType = sourcecode.swift; path = APICaller.swift; sourceTree = "<group>"; };
		FA6F0D8C29CF890300D20D6B /* TrendingMoviesModel.swift */ = {isa = PBXFileReference; lastKnownFileType = sourcecode.swift; path = TrendingMoviesModel.swift; sourceTree = "<group>"; };
		FA6F0D8E29CF972200D20D6B /* Observable.swift */ = {isa = PBXFileReference; lastKnownFileType = sourcecode.swift; path = Observable.swift; sourceTree = "<group>"; };
		FA6F0D9129D1E19400D20D6B /* MainMovieCell.swift */ = {isa = PBXFileReference; lastKnownFileType = sourcecode.swift; path = MainMovieCell.swift; sourceTree = "<group>"; };
		FA6F0D9229D1E19400D20D6B /* MainMovieCell.xib */ = {isa = PBXFileReference; lastKnownFileType = file.xib; path = MainMovieCell.xib; sourceTree = "<group>"; };
		FA6F0D9529D1E88800D20D6B /* UIViewExtension.swift */ = {isa = PBXFileReference; lastKnownFileType = sourcecode.swift; path = UIViewExtension.swift; sourceTree = "<group>"; };
		FA6F0D9729D1EA2A00D20D6B /* MovieTableCellViewModel.swift */ = {isa = PBXFileReference; lastKnownFileType = sourcecode.swift; path = MovieTableCellViewModel.swift; sourceTree = "<group>"; };
		FA6F0D9D29D1FDB300D20D6B /* DetailsMovieViewController.swift */ = {isa = PBXFileReference; lastKnownFileType = sourcecode.swift; path = DetailsMovieViewController.swift; sourceTree = "<group>"; };
		FA6F0D9E29D1FDB300D20D6B /* DetailsMovieViewController.xib */ = {isa = PBXFileReference; lastKnownFileType = file.xib; path = DetailsMovieViewController.xib; sourceTree = "<group>"; };
		FA6F0DA129D201F400D20D6B /* DetailsMovieViewModel.swift */ = {isa = PBXFileReference; lastKnownFileType = sourcecode.swift; path = DetailsMovieViewModel.swift; sourceTree = "<group>"; };
/* End PBXFileReference section */

/* Begin PBXFrameworksBuildPhase section */
		FA6F0D4129CF703900D20D6B /* Frameworks */ = {
			isa = PBXFrameworksBuildPhase;
			buildActionMask = 2147483647;
			files = (
				FA6F0D9B29D1EC9B00D20D6B /* SDWebImage in Frameworks */,
			);
			runOnlyForDeploymentPostprocessing = 0;
		};
		FA6F0D5729CF703C00D20D6B /* Frameworks */ = {
			isa = PBXFrameworksBuildPhase;
			buildActionMask = 2147483647;
			files = (
			);
			runOnlyForDeploymentPostprocessing = 0;
		};
		FA6F0D6129CF703C00D20D6B /* Frameworks */ = {
			isa = PBXFrameworksBuildPhase;
			buildActionMask = 2147483647;
			files = (
			);
			runOnlyForDeploymentPostprocessing = 0;
		};
/* End PBXFrameworksBuildPhase section */

/* Begin PBXGroup section */
		FA6F0D3B29CF703900D20D6B = {
			isa = PBXGroup;
			children = (
				FA6F0D4629CF703900D20D6B /* MovieTrending */,
				FA6F0D5D29CF703C00D20D6B /* MovieTrendingTests */,
				FA6F0D6729CF703C00D20D6B /* MovieTrendingUITests */,
				FA6F0D4529CF703900D20D6B /* Products */,
			);
			sourceTree = "<group>";
		};
		FA6F0D4529CF703900D20D6B /* Products */ = {
			isa = PBXGroup;
			children = (
				FA6F0D4429CF703900D20D6B /* MovieTrending.app */,
				FA6F0D5A29CF703C00D20D6B /* MovieTrendingTests.xctest */,
				FA6F0D6429CF703C00D20D6B /* MovieTrendingUITests.xctest */,
			);
			name = Products;
			sourceTree = "<group>";
		};
		FA6F0D4629CF703900D20D6B /* MovieTrending */ = {
			isa = PBXGroup;
			children = (
				FA6F0D4729CF703900D20D6B /* AppDelegate.swift */,
				FA6F0D8329CF745B00D20D6B /* Networking */,
				FA6F0D8229CF742F00D20D6B /* Extension */,
				FA6F0D8129CF741300D20D6B /* Resourses */,
				FA6F0D8029CF73F500D20D6B /* Classes */,
				FA6F0D7F29CF73D000D20D6B /* Model */,
				FA6F0D7E29CF73C000D20D6B /* Controllers */,
				FA6F0D7D29CF73B700D20D6B /* ViewModel */,
				FA6F0D7C29CF73AD00D20D6B /* View */,
				FA6F0D5529CF703C00D20D6B /* Info.plist */,
			);
			path = MovieTrending;
			sourceTree = "<group>";
		};
		FA6F0D5D29CF703C00D20D6B /* MovieTrendingTests */ = {
			isa = PBXGroup;
			children = (
				FA6F0D5E29CF703C00D20D6B /* MovieTrendingTests.swift */,
			);
			path = MovieTrendingTests;
			sourceTree = "<group>";
		};
		FA6F0D6729CF703C00D20D6B /* MovieTrendingUITests */ = {
			isa = PBXGroup;
			children = (
				FA6F0D6829CF703C00D20D6B /* MovieTrendingUITests.swift */,
				FA6F0D6A29CF703C00D20D6B /* MovieTrendingUITestsLaunchTests.swift */,
			);
			path = MovieTrendingUITests;
			sourceTree = "<group>";
		};
		FA6F0D7729CF717F00D20D6B /* MainViewController */ = {
			isa = PBXGroup;
			children = (
				FA6F0D7829CF71CF00D20D6B /* MainViewController.swift */,
				FA6F0D8429CF76DE00D20D6B /* MainViewController+TableView.swift */,
				FA6F0D7929CF71CF00D20D6B /* MainViewController.xib */,
			);
			path = MainViewController;
			sourceTree = "<group>";
		};
		FA6F0D7C29CF73AD00D20D6B /* View */ = {
			isa = PBXGroup;
			children = (
				FA6F0D9029D1E16D00D20D6B /* MainMovieCell */,
				FA6F0D5229CF703C00D20D6B /* LaunchScreen.storyboard */,
			);
			path = View;
			sourceTree = "<group>";
		};
		FA6F0D7D29CF73B700D20D6B /* ViewModel */ = {
			isa = PBXGroup;
			children = (
				FA6F0D8629CF77B300D20D6B /* MainViewModel.swift */,
				FA6F0D9729D1EA2A00D20D6B /* MovieTableCellViewModel.swift */,
				FA6F0DA129D201F400D20D6B /* DetailsMovieViewModel.swift */,
			);
			path = ViewModel;
			sourceTree = "<group>";
		};
		FA6F0D7E29CF73C000D20D6B /* Controllers */ = {
			isa = PBXGroup;
			children = (
				FA6F0D9C29D1FD5E00D20D6B /* DetailsMovieViewController */,
				FA6F0D7729CF717F00D20D6B /* MainViewController */,
			);
			path = Controllers;
			sourceTree = "<group>";
		};
		FA6F0D7F29CF73D000D20D6B /* Model */ = {
			isa = PBXGroup;
			children = (
				FA6F0D8C29CF890300D20D6B /* TrendingMoviesModel.swift */,
			);
			path = Model;
			sourceTree = "<group>";
		};
		FA6F0D8029CF73F500D20D6B /* Classes */ = {
			isa = PBXGroup;
			children = (
				FA6F0D8E29CF972200D20D6B /* Observable.swift */,
			);
			path = Classes;
			sourceTree = "<group>";
		};
		FA6F0D8129CF741300D20D6B /* Resourses */ = {
			isa = PBXGroup;
			children = (
				FA6F0D5029CF703C00D20D6B /* Assets.xcassets */,
			);
			path = Resourses;
			sourceTree = "<group>";
		};
		FA6F0D8229CF742F00D20D6B /* Extension */ = {
			isa = PBXGroup;
			children = (
				FA6F0D9529D1E88800D20D6B /* UIViewExtension.swift */,
			);
			path = Extension;
			sourceTree = "<group>";
		};
		FA6F0D8329CF745B00D20D6B /* Networking */ = {
			isa = PBXGroup;
			children = (
				FA6F0D8829CF7ECF00D20D6B /* NetworkConstants.swift */,
				FA6F0D8A29CF88A800D20D6B /* APICaller.swift */,
			);
			path = Networking;
			sourceTree = "<group>";
		};
		FA6F0D9029D1E16D00D20D6B /* MainMovieCell */ = {
			isa = PBXGroup;
			children = (
				FA6F0D9129D1E19400D20D6B /* MainMovieCell.swift */,
				FA6F0D9229D1E19400D20D6B /* MainMovieCell.xib */,
			);
			path = MainMovieCell;
			sourceTree = "<group>";
		};
		FA6F0D9C29D1FD5E00D20D6B /* DetailsMovieViewController */ = {
			isa = PBXGroup;
			children = (
				FA6F0D9D29D1FDB300D20D6B /* DetailsMovieViewController.swift */,
				FA6F0D9E29D1FDB300D20D6B /* DetailsMovieViewController.xib */,
			);
			path = DetailsMovieViewController;
			sourceTree = "<group>";
		};
/* End PBXGroup section */

/* Begin PBXNativeTarget section */
		FA6F0D4329CF703900D20D6B /* MovieTrending */ = {
			isa = PBXNativeTarget;
			buildConfigurationList = FA6F0D6E29CF703C00D20D6B /* Build configuration list for PBXNativeTarget "MovieTrending" */;
			buildPhases = (
				FA6F0D4029CF703900D20D6B /* Sources */,
				FA6F0D4129CF703900D20D6B /* Frameworks */,
				FA6F0D4229CF703900D20D6B /* Resources */,
			);
			buildRules = (
			);
			dependencies = (
			);
			name = MovieTrending;
			packageProductDependencies = (
				FA6F0D9A29D1EC9B00D20D6B /* SDWebImage */,
			);
			productName = MovieTrending;
			productReference = FA6F0D4429CF703900D20D6B /* MovieTrending.app */;
			productType = "com.apple.product-type.application";
		};
		FA6F0D5929CF703C00D20D6B /* MovieTrendingTests */ = {
			isa = PBXNativeTarget;
			buildConfigurationList = FA6F0D7129CF703C00D20D6B /* Build configuration list for PBXNativeTarget "MovieTrendingTests" */;
			buildPhases = (
				FA6F0D5629CF703C00D20D6B /* Sources */,
				FA6F0D5729CF703C00D20D6B /* Frameworks */,
				FA6F0D5829CF703C00D20D6B /* Resources */,
			);
			buildRules = (
			);
			dependencies = (
				FA6F0D5C29CF703C00D20D6B /* PBXTargetDependency */,
			);
			name = MovieTrendingTests;
			productName = MovieTrendingTests;
			productReference = FA6F0D5A29CF703C00D20D6B /* MovieTrendingTests.xctest */;
			productType = "com.apple.product-type.bundle.unit-test";
		};
		FA6F0D6329CF703C00D20D6B /* MovieTrendingUITests */ = {
			isa = PBXNativeTarget;
			buildConfigurationList = FA6F0D7429CF703C00D20D6B /* Build configuration list for PBXNativeTarget "MovieTrendingUITests" */;
			buildPhases = (
				FA6F0D6029CF703C00D20D6B /* Sources */,
				FA6F0D6129CF703C00D20D6B /* Frameworks */,
				FA6F0D6229CF703C00D20D6B /* Resources */,
			);
			buildRules = (
			);
			dependencies = (
				FA6F0D6629CF703C00D20D6B /* PBXTargetDependency */,
			);
			name = MovieTrendingUITests;
			productName = MovieTrendingUITests;
			productReference = FA6F0D6429CF703C00D20D6B /* MovieTrendingUITests.xctest */;
			productType = "com.apple.product-type.bundle.ui-testing";
		};
/* End PBXNativeTarget section */

/* Begin PBXProject section */
		FA6F0D3C29CF703900D20D6B /* Project object */ = {
			isa = PBXProject;
			attributes = {
				BuildIndependentTargetsInParallel = 1;
				LastSwiftUpdateCheck = 1310;
				LastUpgradeCheck = 1310;
				TargetAttributes = {
					FA6F0D4329CF703900D20D6B = {
						CreatedOnToolsVersion = 13.1;
					};
					FA6F0D5929CF703C00D20D6B = {
						CreatedOnToolsVersion = 13.1;
						TestTargetID = FA6F0D4329CF703900D20D6B;
					};
					FA6F0D6329CF703C00D20D6B = {
						CreatedOnToolsVersion = 13.1;
						TestTargetID = FA6F0D4329CF703900D20D6B;
					};
				};
			};
			buildConfigurationList = FA6F0D3F29CF703900D20D6B /* Build configuration list for PBXProject "MovieTrending" */;
			compatibilityVersion = "Xcode 13.0";
			developmentRegion = en;
			hasScannedForEncodings = 0;
			knownRegions = (
				en,
				Base,
			);
			mainGroup = FA6F0D3B29CF703900D20D6B;
			packageReferences = (
				FA6F0D9929D1EC9B00D20D6B /* XCRemoteSwiftPackageReference "SDWebImage" */,
			);
			productRefGroup = FA6F0D4529CF703900D20D6B /* Products */;
			projectDirPath = "";
			projectRoot = "";
			targets = (
				FA6F0D4329CF703900D20D6B /* MovieTrending */,
				FA6F0D5929CF703C00D20D6B /* MovieTrendingTests */,
				FA6F0D6329CF703C00D20D6B /* MovieTrendingUITests */,
			);
		};
/* End PBXProject section */

/* Begin PBXResourcesBuildPhase section */
		FA6F0D4229CF703900D20D6B /* Resources */ = {
			isa = PBXResourcesBuildPhase;
			buildActionMask = 2147483647;
			files = (
				FA6F0D5429CF703C00D20D6B /* LaunchScreen.storyboard in Resources */,
				FA6F0D7B29CF71CF00D20D6B /* MainViewController.xib in Resources */,
				FA6F0D5129CF703C00D20D6B /* Assets.xcassets in Resources */,
				FA6F0DA029D1FDB300D20D6B /* DetailsMovieViewController.xib in Resources */,
				FA6F0D9429D1E19400D20D6B /* MainMovieCell.xib in Resources */,
			);
			runOnlyForDeploymentPostprocessing = 0;
		};
		FA6F0D5829CF703C00D20D6B /* Resources */ = {
			isa = PBXResourcesBuildPhase;
			buildActionMask = 2147483647;
			files = (
			);
			runOnlyForDeploymentPostprocessing = 0;
		};
		FA6F0D6229CF703C00D20D6B /* Resources */ = {
			isa = PBXResourcesBuildPhase;
			buildActionMask = 2147483647;
			files = (
			);
			runOnlyForDeploymentPostprocessing = 0;
		};
/* End PBXResourcesBuildPhase section */

/* Begin PBXSourcesBuildPhase section */
		FA6F0D4029CF703900D20D6B /* Sources */ = {
			isa = PBXSourcesBuildPhase;
			buildActionMask = 2147483647;
			files = (
				FA6F0D9629D1E88800D20D6B /* UIViewExtension.swift in Sources */,
				FA6F0D8F29CF972200D20D6B /* Observable.swift in Sources */,
				FA6F0D9329D1E19400D20D6B /* MainMovieCell.swift in Sources */,
				FA6F0D7A29CF71CF00D20D6B /* MainViewController.swift in Sources */,
				FA6F0D9F29D1FDB300D20D6B /* DetailsMovieViewController.swift in Sources */,
				FA6F0D8B29CF88A800D20D6B /* APICaller.swift in Sources */,
				FA6F0D8529CF76DE00D20D6B /* MainViewController+TableView.swift in Sources */,
				FA6F0D8929CF7ECF00D20D6B /* NetworkConstants.swift in Sources */,
				FA6F0D9829D1EA2A00D20D6B /* MovieTableCellViewModel.swift in Sources */,
				FA6F0D4829CF703900D20D6B /* AppDelegate.swift in Sources */,
				FA6F0DA229D201F400D20D6B /* DetailsMovieViewModel.swift in Sources */,
				FA6F0D8729CF77B300D20D6B /* MainViewModel.swift in Sources */,
				FA6F0D8D29CF890300D20D6B /* TrendingMoviesModel.swift in Sources */,
			);
			runOnlyForDeploymentPostprocessing = 0;
		};
		FA6F0D5629CF703C00D20D6B /* Sources */ = {
			isa = PBXSourcesBuildPhase;
			buildActionMask = 2147483647;
			files = (
				FA6F0D5F29CF703C00D20D6B /* MovieTrendingTests.swift in Sources */,
			);
			runOnlyForDeploymentPostprocessing = 0;
		};
		FA6F0D6029CF703C00D20D6B /* Sources */ = {
			isa = PBXSourcesBuildPhase;
			buildActionMask = 2147483647;
			files = (
				FA6F0D6B29CF703C00D20D6B /* MovieTrendingUITestsLaunchTests.swift in Sources */,
				FA6F0D6929CF703C00D20D6B /* MovieTrendingUITests.swift in Sources */,
			);
			runOnlyForDeploymentPostprocessing = 0;
		};
/* End PBXSourcesBuildPhase section */

/* Begin PBXTargetDependency section */
		FA6F0D5C29CF703C00D20D6B /* PBXTargetDependency */ = {
			isa = PBXTargetDependency;
			target = FA6F0D4329CF703900D20D6B /* MovieTrending */;
			targetProxy = FA6F0D5B29CF703C00D20D6B /* PBXContainerItemProxy */;
		};
		FA6F0D6629CF703C00D20D6B /* PBXTargetDependency */ = {
			isa = PBXTargetDependency;
			target = FA6F0D4329CF703900D20D6B /* MovieTrending */;
			targetProxy = FA6F0D6529CF703C00D20D6B /* PBXContainerItemProxy */;
		};
/* End PBXTargetDependency section */

/* Begin PBXVariantGroup section */
		FA6F0D5229CF703C00D20D6B /* LaunchScreen.storyboard */ = {
			isa = PBXVariantGroup;
			children = (
				FA6F0D5329CF703C00D20D6B /* Base */,
			);
			name = LaunchScreen.storyboard;
			sourceTree = "<group>";
		};
/* End PBXVariantGroup section */

/* Begin XCBuildConfiguration section */
		FA6F0D6C29CF703C00D20D6B /* Debug */ = {
			isa = XCBuildConfiguration;
			buildSettings = {
				ALWAYS_SEARCH_USER_PATHS = NO;
				CLANG_ANALYZER_NONNULL = YES;
				CLANG_ANALYZER_NUMBER_OBJECT_CONVERSION = YES_AGGRESSIVE;
				CLANG_CXX_LANGUAGE_STANDARD = "gnu++17";
				CLANG_CXX_LIBRARY = "libc++";
				CLANG_ENABLE_MODULES = YES;
				CLANG_ENABLE_OBJC_ARC = YES;
				CLANG_ENABLE_OBJC_WEAK = YES;
				CLANG_WARN_BLOCK_CAPTURE_AUTORELEASING = YES;
				CLANG_WARN_BOOL_CONVERSION = YES;
				CLANG_WARN_COMMA = YES;
				CLANG_WARN_CONSTANT_CONVERSION = YES;
				CLANG_WARN_DEPRECATED_OBJC_IMPLEMENTATIONS = YES;
				CLANG_WARN_DIRECT_OBJC_ISA_USAGE = YES_ERROR;
				CLANG_WARN_DOCUMENTATION_COMMENTS = YES;
				CLANG_WARN_EMPTY_BODY = YES;
				CLANG_WARN_ENUM_CONVERSION = YES;
				CLANG_WARN_INFINITE_RECURSION = YES;
				CLANG_WARN_INT_CONVERSION = YES;
				CLANG_WARN_NON_LITERAL_NULL_CONVERSION = YES;
				CLANG_WARN_OBJC_IMPLICIT_RETAIN_SELF = YES;
				CLANG_WARN_OBJC_LITERAL_CONVERSION = YES;
				CLANG_WARN_OBJC_ROOT_CLASS = YES_ERROR;
				CLANG_WARN_QUOTED_INCLUDE_IN_FRAMEWORK_HEADER = YES;
				CLANG_WARN_RANGE_LOOP_ANALYSIS = YES;
				CLANG_WARN_STRICT_PROTOTYPES = YES;
				CLANG_WARN_SUSPICIOUS_MOVE = YES;
				CLANG_WARN_UNGUARDED_AVAILABILITY = YES_AGGRESSIVE;
				CLANG_WARN_UNREACHABLE_CODE = YES;
				CLANG_WARN__DUPLICATE_METHOD_MATCH = YES;
				COPY_PHASE_STRIP = NO;
				DEBUG_INFORMATION_FORMAT = dwarf;
				ENABLE_STRICT_OBJC_MSGSEND = YES;
				ENABLE_TESTABILITY = YES;
				GCC_C_LANGUAGE_STANDARD = gnu11;
				GCC_DYNAMIC_NO_PIC = NO;
				GCC_NO_COMMON_BLOCKS = YES;
				GCC_OPTIMIZATION_LEVEL = 0;
				GCC_PREPROCESSOR_DEFINITIONS = (
					"DEBUG=1",
					"$(inherited)",
				);
				GCC_WARN_64_TO_32_BIT_CONVERSION = YES;
				GCC_WARN_ABOUT_RETURN_TYPE = YES_ERROR;
				GCC_WARN_UNDECLARED_SELECTOR = YES;
				GCC_WARN_UNINITIALIZED_AUTOS = YES_AGGRESSIVE;
				GCC_WARN_UNUSED_FUNCTION = YES;
				GCC_WARN_UNUSED_VARIABLE = YES;
				IPHONEOS_DEPLOYMENT_TARGET = 15.0;
				MTL_ENABLE_DEBUG_INFO = INCLUDE_SOURCE;
				MTL_FAST_MATH = YES;
				ONLY_ACTIVE_ARCH = YES;
				SDKROOT = iphoneos;
				SWIFT_ACTIVE_COMPILATION_CONDITIONS = DEBUG;
				SWIFT_OPTIMIZATION_LEVEL = "-Onone";
			};
			name = Debug;
		};
		FA6F0D6D29CF703C00D20D6B /* Release */ = {
			isa = XCBuildConfiguration;
			buildSettings = {
				ALWAYS_SEARCH_USER_PATHS = NO;
				CLANG_ANALYZER_NONNULL = YES;
				CLANG_ANALYZER_NUMBER_OBJECT_CONVERSION = YES_AGGRESSIVE;
				CLANG_CXX_LANGUAGE_STANDARD = "gnu++17";
				CLANG_CXX_LIBRARY = "libc++";
				CLANG_ENABLE_MODULES = YES;
				CLANG_ENABLE_OBJC_ARC = YES;
				CLANG_ENABLE_OBJC_WEAK = YES;
				CLANG_WARN_BLOCK_CAPTURE_AUTORELEASING = YES;
				CLANG_WARN_BOOL_CONVERSION = YES;
				CLANG_WARN_COMMA = YES;
				CLANG_WARN_CONSTANT_CONVERSION = YES;
				CLANG_WARN_DEPRECATED_OBJC_IMPLEMENTATIONS = YES;
				CLANG_WARN_DIRECT_OBJC_ISA_USAGE = YES_ERROR;
				CLANG_WARN_DOCUMENTATION_COMMENTS = YES;
				CLANG_WARN_EMPTY_BODY = YES;
				CLANG_WARN_ENUM_CONVERSION = YES;
				CLANG_WARN_INFINITE_RECURSION = YES;
				CLANG_WARN_INT_CONVERSION = YES;
				CLANG_WARN_NON_LITERAL_NULL_CONVERSION = YES;
				CLANG_WARN_OBJC_IMPLICIT_RETAIN_SELF = YES;
				CLANG_WARN_OBJC_LITERAL_CONVERSION = YES;
				CLANG_WARN_OBJC_ROOT_CLASS = YES_ERROR;
				CLANG_WARN_QUOTED_INCLUDE_IN_FRAMEWORK_HEADER = YES;
				CLANG_WARN_RANGE_LOOP_ANALYSIS = YES;
				CLANG_WARN_STRICT_PROTOTYPES = YES;
				CLANG_WARN_SUSPICIOUS_MOVE = YES;
				CLANG_WARN_UNGUARDED_AVAILABILITY = YES_AGGRESSIVE;
				CLANG_WARN_UNREACHABLE_CODE = YES;
				CLANG_WARN__DUPLICATE_METHOD_MATCH = YES;
				COPY_PHASE_STRIP = NO;
				DEBUG_INFORMATION_FORMAT = "dwarf-with-dsym";
				ENABLE_NS_ASSERTIONS = NO;
				ENABLE_STRICT_OBJC_MSGSEND = YES;
				GCC_C_LANGUAGE_STANDARD = gnu11;
				GCC_NO_COMMON_BLOCKS = YES;
				GCC_WARN_64_TO_32_BIT_CONVERSION = YES;
				GCC_WARN_ABOUT_RETURN_TYPE = YES_ERROR;
				GCC_WARN_UNDECLARED_SELECTOR = YES;
				GCC_WARN_UNINITIALIZED_AUTOS = YES_AGGRESSIVE;
				GCC_WARN_UNUSED_FUNCTION = YES;
				GCC_WARN_UNUSED_VARIABLE = YES;
				IPHONEOS_DEPLOYMENT_TARGET = 15.0;
				MTL_ENABLE_DEBUG_INFO = NO;
				MTL_FAST_MATH = YES;
				SDKROOT = iphoneos;
				SWIFT_COMPILATION_MODE = wholemodule;
				SWIFT_OPTIMIZATION_LEVEL = "-O";
				VALIDATE_PRODUCT = YES;
			};
			name = Release;
		};
		FA6F0D6F29CF703C00D20D6B /* Debug */ = {
			isa = XCBuildConfiguration;
			buildSettings = {
				ASSETCATALOG_COMPILER_APPICON_NAME = AppIcon;
				ASSETCATALOG_COMPILER_GLOBAL_ACCENT_COLOR_NAME = AccentColor;
				CODE_SIGN_STYLE = Automatic;
				CURRENT_PROJECT_VERSION = 1;
				DEVELOPMENT_TEAM = 4CP2L725RU;
				GENERATE_INFOPLIST_FILE = YES;
				INFOPLIST_FILE = MovieTrending/Info.plist;
				INFOPLIST_KEY_UIApplicationSupportsIndirectInputEvents = YES;
				INFOPLIST_KEY_UILaunchStoryboardName = LaunchScreen;
				INFOPLIST_KEY_UISupportedInterfaceOrientations = UIInterfaceOrientationPortrait;
				INFOPLIST_KEY_UISupportedInterfaceOrientations_iPad = "UIInterfaceOrientationPortrait UIInterfaceOrientationPortraitUpsideDown UIInterfaceOrientationLandscapeLeft UIInterfaceOrientationLandscapeRight";
				INFOPLIST_KEY_UISupportedInterfaceOrientations_iPhone = "UIInterfaceOrientationPortrait UIInterfaceOrientationLandscapeLeft UIInterfaceOrientationLandscapeRight";
				LD_RUNPATH_SEARCH_PATHS = (
					"$(inherited)",
					"@executable_path/Frameworks",
				);
				MARKETING_VERSION = 1.0;
				PRODUCT_BUNDLE_IDENTIFIER = Alex.MovieTrending;
				PRODUCT_NAME = "$(TARGET_NAME)";
				SWIFT_EMIT_LOC_STRINGS = YES;
				SWIFT_VERSION = 5.0;
				TARGETED_DEVICE_FAMILY = 1;
			};
			name = Debug;
		};
		FA6F0D7029CF703C00D20D6B /* Release */ = {
			isa = XCBuildConfiguration;
			buildSettings = {
				ASSETCATALOG_COMPILER_APPICON_NAME = AppIcon;
				ASSETCATALOG_COMPILER_GLOBAL_ACCENT_COLOR_NAME = AccentColor;
				CODE_SIGN_STYLE = Automatic;
				CURRENT_PROJECT_VERSION = 1;
				DEVELOPMENT_TEAM = 4CP2L725RU;
				GENERATE_INFOPLIST_FILE = YES;
				INFOPLIST_FILE = MovieTrending/Info.plist;
				INFOPLIST_KEY_UIApplicationSupportsIndirectInputEvents = YES;
				INFOPLIST_KEY_UILaunchStoryboardName = LaunchScreen;
				INFOPLIST_KEY_UISupportedInterfaceOrientations = UIInterfaceOrientationPortrait;
				INFOPLIST_KEY_UISupportedInterfaceOrientations_iPad = "UIInterfaceOrientationPortrait UIInterfaceOrientationPortraitUpsideDown UIInterfaceOrientationLandscapeLeft UIInterfaceOrientationLandscapeRight";
				INFOPLIST_KEY_UISupportedInterfaceOrientations_iPhone = "UIInterfaceOrientationPortrait UIInterfaceOrientationLandscapeLeft UIInterfaceOrientationLandscapeRight";
				LD_RUNPATH_SEARCH_PATHS = (
					"$(inherited)",
					"@executable_path/Frameworks",
				);
				MARKETING_VERSION = 1.0;
				PRODUCT_BUNDLE_IDENTIFIER = Alex.MovieTrending;
				PRODUCT_NAME = "$(TARGET_NAME)";
				SWIFT_EMIT_LOC_STRINGS = YES;
				SWIFT_VERSION = 5.0;
				TARGETED_DEVICE_FAMILY = 1;
			};
			name = Release;
		};
		FA6F0D7229CF703C00D20D6B /* Debug */ = {
			isa = XCBuildConfiguration;
			buildSettings = {
				ALWAYS_EMBED_SWIFT_STANDARD_LIBRARIES = YES;
				BUNDLE_LOADER = "$(TEST_HOST)";
				CODE_SIGN_STYLE = Automatic;
				CURRENT_PROJECT_VERSION = 1;
				DEVELOPMENT_TEAM = 4CP2L725RU;
				GENERATE_INFOPLIST_FILE = YES;
				IPHONEOS_DEPLOYMENT_TARGET = 15.0;
				LD_RUNPATH_SEARCH_PATHS = (
					"$(inherited)",
					"@executable_path/Frameworks",
					"@loader_path/Frameworks",
				);
				MARKETING_VERSION = 1.0;
				PRODUCT_BUNDLE_IDENTIFIER = Alex.MovieTrendingTests;
				PRODUCT_NAME = "$(TARGET_NAME)";
				SWIFT_EMIT_LOC_STRINGS = NO;
				SWIFT_VERSION = 5.0;
				TARGETED_DEVICE_FAMILY = "1,2";
				TEST_HOST = "$(BUILT_PRODUCTS_DIR)/MovieTrending.app/MovieTrending";
			};
			name = Debug;
		};
		FA6F0D7329CF703C00D20D6B /* Release */ = {
			isa = XCBuildConfiguration;
			buildSettings = {
				ALWAYS_EMBED_SWIFT_STANDARD_LIBRARIES = YES;
				BUNDLE_LOADER = "$(TEST_HOST)";
				CODE_SIGN_STYLE = Automatic;
				CURRENT_PROJECT_VERSION = 1;
				DEVELOPMENT_TEAM = 4CP2L725RU;
				GENERATE_INFOPLIST_FILE = YES;
				IPHONEOS_DEPLOYMENT_TARGET = 15.0;
				LD_RUNPATH_SEARCH_PATHS = (
					"$(inherited)",
					"@executable_path/Frameworks",
					"@loader_path/Frameworks",
				);
				MARKETING_VERSION = 1.0;
				PRODUCT_BUNDLE_IDENTIFIER = Alex.MovieTrendingTests;
				PRODUCT_NAME = "$(TARGET_NAME)";
				SWIFT_EMIT_LOC_STRINGS = NO;
				SWIFT_VERSION = 5.0;
				TARGETED_DEVICE_FAMILY = "1,2";
				TEST_HOST = "$(BUILT_PRODUCTS_DIR)/MovieTrending.app/MovieTrending";
			};
			name = Release;
		};
		FA6F0D7529CF703C00D20D6B /* Debug */ = {
			isa = XCBuildConfiguration;
			buildSettings = {
				ALWAYS_EMBED_SWIFT_STANDARD_LIBRARIES = YES;
				CODE_SIGN_STYLE = Automatic;
				CURRENT_PROJECT_VERSION = 1;
				DEVELOPMENT_TEAM = 4CP2L725RU;
				GENERATE_INFOPLIST_FILE = YES;
				LD_RUNPATH_SEARCH_PATHS = (
					"$(inherited)",
					"@executable_path/Frameworks",
					"@loader_path/Frameworks",
				);
				MARKETING_VERSION = 1.0;
				PRODUCT_BUNDLE_IDENTIFIER = Alex.MovieTrendingUITests;
				PRODUCT_NAME = "$(TARGET_NAME)";
				SWIFT_EMIT_LOC_STRINGS = NO;
				SWIFT_VERSION = 5.0;
				TARGETED_DEVICE_FAMILY = "1,2";
				TEST_TARGET_NAME = MovieTrending;
			};
			name = Debug;
		};
		FA6F0D7629CF703C00D20D6B /* Release */ = {
			isa = XCBuildConfiguration;
			buildSettings = {
				ALWAYS_EMBED_SWIFT_STANDARD_LIBRARIES = YES;
				CODE_SIGN_STYLE = Automatic;
				CURRENT_PROJECT_VERSION = 1;
				DEVELOPMENT_TEAM = 4CP2L725RU;
				GENERATE_INFOPLIST_FILE = YES;
				LD_RUNPATH_SEARCH_PATHS = (
					"$(inherited)",
					"@executable_path/Frameworks",
					"@loader_path/Frameworks",
				);
				MARKETING_VERSION = 1.0;
				PRODUCT_BUNDLE_IDENTIFIER = Alex.MovieTrendingUITests;
				PRODUCT_NAME = "$(TARGET_NAME)";
				SWIFT_EMIT_LOC_STRINGS = NO;
				SWIFT_VERSION = 5.0;
				TARGETED_DEVICE_FAMILY = "1,2";
				TEST_TARGET_NAME = MovieTrending;
			};
			name = Release;
		};
/* End XCBuildConfiguration section */

/* Begin XCConfigurationList section */
		FA6F0D3F29CF703900D20D6B /* Build configuration list for PBXProject "MovieTrending" */ = {
			isa = XCConfigurationList;
			buildConfigurations = (
				FA6F0D6C29CF703C00D20D6B /* Debug */,
				FA6F0D6D29CF703C00D20D6B /* Release */,
			);
			defaultConfigurationIsVisible = 0;
			defaultConfigurationName = Release;
		};
		FA6F0D6E29CF703C00D20D6B /* Build configuration list for PBXNativeTarget "MovieTrending" */ = {
			isa = XCConfigurationList;
			buildConfigurations = (
				FA6F0D6F29CF703C00D20D6B /* Debug */,
				FA6F0D7029CF703C00D20D6B /* Release */,
			);
			defaultConfigurationIsVisible = 0;
			defaultConfigurationName = Release;
		};
		FA6F0D7129CF703C00D20D6B /* Build configuration list for PBXNativeTarget "MovieTrendingTests" */ = {
			isa = XCConfigurationList;
			buildConfigurations = (
				FA6F0D7229CF703C00D20D6B /* Debug */,
				FA6F0D7329CF703C00D20D6B /* Release */,
			);
			defaultConfigurationIsVisible = 0;
			defaultConfigurationName = Release;
		};
		FA6F0D7429CF703C00D20D6B /* Build configuration list for PBXNativeTarget "MovieTrendingUITests" */ = {
			isa = XCConfigurationList;
			buildConfigurations = (
				FA6F0D7529CF703C00D20D6B /* Debug */,
				FA6F0D7629CF703C00D20D6B /* Release */,
			);
			defaultConfigurationIsVisible = 0;
			defaultConfigurationName = Release;
		};
/* End XCConfigurationList section */

/* Begin XCRemoteSwiftPackageReference section */
		FA6F0D9929D1EC9B00D20D6B /* XCRemoteSwiftPackageReference "SDWebImage" */ = {
			isa = XCRemoteSwiftPackageReference;
			repositoryURL = "https://github.com/SDWebImage/SDWebImage";
			requirement = {
				kind = upToNextMajorVersion;
				minimumVersion = 5.0.0;
			};
		};
/* End XCRemoteSwiftPackageReference section */

/* Begin XCSwiftPackageProductDependency section */
		FA6F0D9A29D1EC9B00D20D6B /* SDWebImage */ = {
			isa = XCSwiftPackageProductDependency;
			package = FA6F0D9929D1EC9B00D20D6B /* XCRemoteSwiftPackageReference "SDWebImage" */;
			productName = SDWebImage;
		};
/* End XCSwiftPackageProductDependency section */
	};
	rootObject = FA6F0D3C29CF703900D20D6B /* Project object */;
}
